{
  "R": {
    "Version": "3.5.2",
    "Repositories": [
      {
        "Name": "CRAN",
        "URL": "https://cran.rstudio.com/"
      }
    ]
  },
  "Packages": {
    "BH": {
      "Package": "BH",
      "Version": "1.69.0-1",
      "Source": "Repository",
      "Repository": "CRAN",
      "Hash": "88e64b38758666b85d283617231bb766"
    },
    "Cairo": {
      "Package": "Cairo",
      "Version": "1.5-9",
      "Source": "Repository",
      "Repository": "CRAN",
      "Hash": "7d3116264280be09f4bd847bed0cab97"
    },
    "MASS": {
      "Package": "MASS",
      "Version": "7.3-51.1",
      "Source": "Repository",
      "Repository": "CRAN",
      "Hash": "9beca15f32d56f1a5eacfa6419948eb9"
    },
    "Matrix": {
      "Package": "Matrix",
      "Version": "1.2-15",
      "Source": "Repository",
      "Repository": "CRAN",
      "Hash": "9c5038aa0d5e8929162e780e42cf44fe"
    },
    "R6": {
      "Package": "R6",
      "Version": "2.4.0",
      "Source": "Repository",
      "Repository": "CRAN",
      "Hash": "d42941d973f7f28b32f694bc89fb9d5f"
    },
    "RColorBrewer": {
      "Package": "RColorBrewer",
      "Version": "1.1-2",
      "Source": "Repository",
      "Repository": "CRAN",
      "Hash": "cdfb92174501c241a0d4e13fcac600a4"
    },
    "Rcpp": {
      "Package": "Rcpp",
      "Version": "1.0.1",
      "Source": "Repository",
      "Repository": "CRAN",
      "Hash": "542a8dbcf371718e4dee591341d28c43"
    },
    "RcppArmadillo": {
      "Package": "RcppArmadillo",
      "Version": "0.9.200.7.0",
      "Source": "Repository",
      "Repository": "CRAN",
      "Hash": "9b8f08ff23c74c78a8dec3a617788743"
    },
    "askpass": {
      "Package": "askpass",
      "Version": "1.1",
      "Source": "Repository",
      "Repository": "CRAN",
      "Hash": "ff8e30ba3e542c07372fca6de28bce3b"
    },
    "assertthat": {
      "Package": "assertthat",
      "Version": "0.2.1",
      "Source": "Repository",
      "Repository": "CRAN",
      "Hash": "263effaa484b1dc3013cf1c1e8f6624e"
    },
    "backports": {
      "Package": "backports",
      "Version": "1.1.4",
      "Source": "Repository",
      "Repository": "CRAN",
      "Hash": "8f863a45c5b6c9ccd5a71988138a48c2"
    },
    "base64enc": {
      "Package": "base64enc",
      "Version": "0.1-3",
      "Source": "Repository",
      "Repository": "CRAN",
      "Hash": "eec0d710cee1455ba24eb6ab622a60e9"
    },
    "bmp": {
      "Package": "bmp",
      "Version": "0.3",
      "Source": "Repository",
      "Repository": "CRAN",
      "Hash": "b8a09288aa891c4eb3103076158e1805"
    },
    "bookdown": {
      "Package": "bookdown",
      "Version": "0.9",
      "Source": "Repository",
      "Repository": "CRAN",
      "Hash": "be0db70ddc5de27f01aea0c2f1ad24e7"
    },
    "callr": {
      "Package": "callr",
      "Version": "3.1.1",
      "Source": "Repository",
      "Repository": "CRAN",
      "Hash": "383a4f023c2eb51d146f48762f6b79dd"
    },
    "cli": {
      "Package": "cli",
      "Version": "1.1.0",
      "Source": "Repository",
      "Repository": "CRAN",
      "Hash": "c0a5f242aa2259cf7e40da04bb89f5d8"
    },
    "codetools": {
      "Package": "codetools",
      "Version": "0.2-15",
      "Source": "Repository",
      "Repository": "CRAN",
      "Hash": "71fa8e1fac5dc255507f5ed253c6a367"
    },
    "colorspace": {
      "Package": "colorspace",
      "Version": "1.4-1",
      "Source": "Repository",
      "Repository": "CRAN",
      "Hash": "70941d6476af18c149b5b6916f87a7c5"
    },
    "crayon": {
      "Package": "crayon",
      "Version": "1.3.4",
      "Source": "Repository",
      "Repository": "CRAN",
      "Hash": "1e93bda8f2b60a0defc85c82a39e2891"
    },
    "crosstalk": {
      "Package": "crosstalk",
      "Version": "1.0.0",
      "Source": "Repository",
      "Repository": "CRAN",
      "Hash": "751f5746f428e5c0e453a53dac3c85af"
    },
    "curl": {
      "Package": "curl",
      "Version": "3.3",
      "Source": "Repository",
      "Repository": "CRAN",
      "Hash": "921ecc2db7bca3844daaec11fce12e76"
    },
    "digest": {
      "Package": "digest",
      "Version": "0.6.19",
      "Source": "Repository",
      "Repository": "CRAN",
      "Hash": "b0ffa68c2a452ea6dafda0f7810b3e7d"
    },
    "doParallel": {
      "Package": "doParallel",
      "Version": "1.0.14",
      "Source": "Repository",
      "Repository": "CRAN",
      "Hash": "0ea05ab6556ff10f3bed2a4f6caf23e2"
    },
    "downloader": {
      "Package": "downloader",
      "Version": "0.4",
      "Source": "Repository",
      "Repository": "CRAN",
      "Hash": "3023de572f4e0c0b772fa4c9308c6cc8"
    },
    "evaluate": {
      "Package": "evaluate",
      "Version": "0.13",
      "Source": "Repository",
      "Repository": "CRAN",
      "Hash": "1a4182c08eece9c529eec110119ac6a7"
    },
    "fansi": {
      "Package": "fansi",
      "Version": "0.4.0",
      "Source": "Repository",
      "Repository": "CRAN",
      "Hash": "7e8ca3a2d400cbdaf72a602e9833c920"
    },
    "foreach": {
      "Package": "foreach",
      "Version": "1.4.4",
      "Source": "Repository",
      "Repository": "CRAN",
      "Hash": "bd821384f7261ac6b892012ce2b82226"
    },
    "ggplot2": {
      "Package": "ggplot2",
      "Version": "3.1.1",
      "Source": "Repository",
      "Repository": "CRAN",
      "Hash": "4afc1cad89d1a1acc0ed18e69ae71323"
    },
    "gifski": {
      "Package": "gifski",
      "Version": "0.8.6",
      "Source": "Repository",
      "Repository": "CRAN",
      "Hash": "e40bd6c3e8cafc59d3899ebc5490694e"
    },
    "glue": {
      "Package": "glue",
      "Version": "1.3.1",
      "Source": "Repository",
      "Repository": "CRAN",
      "Hash": "156f76da413ebe13f4d7e65ae6a5d19f"
    },
    "gridExtra": {
      "Package": "gridExtra",
      "Version": "2.3",
      "Source": "Repository",
      "Repository": "CRAN",
      "Hash": "cd5e8e3a3950e27fad98d62feab5b0ba"
    },
    "gtable": {
      "Package": "gtable",
      "Version": "0.3.0",
      "Source": "Repository",
      "Repository": "CRAN",
      "Hash": "120444406cc884baa3a2ff5c0566045b"
    },
    "highr": {
      "Package": "highr",
      "Version": "0.8",
      "Source": "Repository",
      "Repository": "CRAN",
      "Hash": "2f5651aef7832e8eea60d3f3add2ffaa"
    },
    "hms": {
      "Package": "hms",
      "Version": "0.4.2",
      "Source": "Repository",
      "Repository": "CRAN",
      "Hash": "c1a7ac1b51eb0f5ef51a4ea256eb9cbe"
    },
    "htmltools": {
      "Package": "htmltools",
      "Version": "0.3.6",
      "Source": "Repository",
      "Repository": "CRAN",
      "Hash": "881e91b8b764a550de68ad18a98c05b5"
    },
    "htmlwidgets": {
      "Package": "htmlwidgets",
      "Version": "1.3",
      "Source": "Repository",
      "Repository": "CRAN",
      "Hash": "f9779405095eb05656a9aa75e62606cb"
    },
    "httpuv": {
      "Package": "httpuv",
      "Version": "1.4.5.1",
      "Source": "Repository",
      "Repository": "CRAN",
      "Hash": "95f47185730b736cd2af391d0c80aafa"
    },
    "httr": {
      "Package": "httr",
      "Version": "1.4.0",
      "Source": "Repository",
      "Repository": "CRAN",
      "Hash": "f5dc99b1972d4e9eaf6f5c452339db08"
    },
    "igraph": {
      "Package": "igraph",
      "Version": "1.2.2",
      "Source": "Repository",
      "Repository": "CRAN",
      "Hash": "037ab874c6af16d4274e7a12fd34d387"
    },
    "imager": {
      "Package": "imager",
      "Version": "0.41.2",
      "Source": "Repository",
      "Repository": "CRAN",
      "Hash": "d52f681a900963068fbd5826dbb71261"
    },
    "iterators": {
      "Package": "iterators",
      "Version": "1.0.10",
      "Source": "Repository",
      "Repository": "CRAN",
      "Hash": "14bee32d7116523ad5083d2147844208"
    },
    "jpeg": {
      "Package": "jpeg",
      "Version": "0.1-8",
      "Source": "Repository",
      "Repository": "CRAN",
      "Hash": "9251bd09cb1fff9cf3b654f27b4633f3"
    },
    "jsonlite": {
      "Package": "jsonlite",
      "Version": "1.6",
      "Source": "Repository",
      "Repository": "CRAN",
      "Hash": "9ec2b2fe0e874a66d0cb54d8ced5618e"
    },
    "knitr": {
      "Package": "knitr",
      "Version": "1.22",
      "Source": "Repository",
      "Repository": "CRAN",
      "Hash": "b1ef4af5ce7c39dcba8da6ff39bfd7a1"
    },
    "labeling": {
      "Package": "labeling",
      "Version": "0.3",
      "Source": "Repository",
      "Repository": "CRAN",
      "Hash": "379ec196f3f3bb312727d52b022fa8f9"
    },
    "later": {
      "Package": "later",
      "Version": "0.8.0",
      "Source": "Repository",
      "Repository": "CRAN",
      "Hash": "718545eb0b5b354929864914c818ae53"
    },
    "lattice": {
      "Package": "lattice",
      "Version": "0.20-38",
      "Source": "Repository",
      "Repository": "CRAN",
      "Hash": "16dfe2407fe485b6a9fb098120008721"
    },
    "lazyeval": {
      "Package": "lazyeval",
      "Version": "0.2.2",
      "Source": "Repository",
      "Repository": "CRAN",
      "Hash": "8c343e48c3f58de2c70a641592abc0f1"
    },
    "leaflet": {
      "Package": "leaflet",
      "Version": "2.0.2",
      "Source": "Repository",
      "Repository": "CRAN",
      "Hash": "06da4d9082beb344a3acd8fe9e45c7c0"
    },
    "lubridate": {
      "Package": "lubridate",
      "Version": "1.7.4",
      "Source": "Repository",
      "Repository": "CRAN",
      "Hash": "4af93df0d50bb3919de67f36e7d3d00b"
    },
    "magick": {
      "Package": "magick",
      "Version": "2.0",
      "Source": "Repository",
      "Repository": "CRAN",
      "Hash": "f682fcb032e61f81d0f5fc1d8cb099e3"
    },
    "magrittr": {
      "Package": "magrittr",
      "Version": "1.5",
      "Source": "Repository",
      "Repository": "CRAN",
      "Hash": "cb6367fec3fd68ff41424fe9797b8eaf"
    },
    "manipulateWidget": {
      "Package": "manipulateWidget",
      "Version": "0.10.0",
      "Source": "Repository",
      "Repository": "CRAN",
      "Hash": "def62119c485fd194b2b26ceed008ef7"
    },
    "markdown": {
      "Package": "markdown",
      "Version": "0.9",
      "Source": "Repository",
      "Repository": "CRAN",
      "Hash": "5e5d7e3b37fbdb3b06e3f9484f80db0e"
    },
    "mgcv": {
      "Package": "mgcv",
      "Version": "1.8-26",
      "Source": "Repository",
      "Repository": "CRAN",
      "Hash": "328a01ef69f40904edd7a7e7ebbadb06"
    },
    "mime": {
      "Package": "mime",
      "Version": "0.7",
      "Source": "Repository",
      "Repository": "CRAN",
      "Hash": "054d829092f3869d99d1ac57e4fe21eb"
    },
    "miniUI": {
      "Package": "miniUI",
      "Version": "0.1.1.1",
      "Source": "Repository",
      "Repository": "CRAN",
      "Hash": "78d83c530ce013174ce0cabbe3d743e1"
    },
    "munsell": {
      "Package": "munsell",
      "Version": "0.5.0",
      "Source": "Repository",
      "Repository": "CRAN",
      "Hash": "381047af4d6b44ca4d9285dbdea42434"
    },
    "nlme": {
      "Package": "nlme",
      "Version": "3.1-137",
      "Source": "Repository",
      "Repository": "CRAN",
      "Hash": "55f627741007cdb86b124a16183e6a9e"
    },
    "openssl": {
      "Package": "openssl",
      "Version": "1.4",
      "Source": "Repository",
      "Repository": "CRAN",
      "Hash": "4557b03dff7c01f4e7cd10020b0667bc"
    },
    "pillar": {
      "Package": "pillar",
      "Version": "1.4.1",
      "Source": "Repository",
      "Repository": "CRAN",
      "Hash": "6606112a90dbe4d2306acf618072af31"
    },
    "pkgconfig": {
      "Package": "pkgconfig",
      "Version": "2.0.2",
      "Source": "Repository",
      "Repository": "CRAN",
      "Hash": "47f492c929356d52b15018b5827cf857"
    },
    "plyr": {
      "Package": "plyr",
      "Version": "1.8.4",
      "Source": "Repository",
      "Repository": "CRAN",
      "Hash": "48b2c2a9c4a504ea9167e9252fd9fade"
    },
    "png": {
      "Package": "png",
      "Version": "0.1-7",
      "Source": "Repository",
      "Repository": "CRAN",
      "Hash": "f4a3a0c1f8513a557dcc8dfb32239cd2"
    },
    "prettyunits": {
      "Package": "prettyunits",
      "Version": "1.0.2",
      "Source": "Repository",
      "Repository": "CRAN",
      "Hash": "47d4646a3be22893c04093e8db164989"
    },
    "processx": {
      "Package": "processx",
      "Version": "3.2.1",
      "Source": "Repository",
      "Repository": "CRAN",
      "Hash": "5a3d22c53ad090c87a85af0732631956"
    },
    "progress": {
      "Package": "progress",
      "Version": "1.2.0",
      "Source": "Repository",
      "Repository": "CRAN",
      "Hash": "d72bac138cb24ed3a787f03a33954c46"
    },
    "promises": {
      "Package": "promises",
      "Version": "1.0.1",
      "Source": "Repository",
      "Repository": "CRAN",
      "Hash": "30a46ce3d9fe3958f266181f8c6f541f"
    },
    "ps": {
      "Package": "ps",
      "Version": "1.3.0",
      "Source": "Repository",
      "Repository": "CRAN",
      "Hash": "12c6a7e02239401d47599ddc44a484f4"
    },
    "purrr": {
      "Package": "purrr",
      "Version": "0.3.2",
      "Source": "Repository",
      "Repository": "CRAN",
      "Hash": "19767ff705a04566e2f396e15ccc1b39"
    },
    "radix": {
      "Package": "radix",
      "Version": "0.6",
      "Source": "Repository",
      "Repository": "CRAN",
      "Hash": "2fef7c3747d1422a6a8c9d91b0170ded"
    },
    "raster": {
      "Package": "raster",
      "Version": "2.8-19",
      "Source": "Repository",
      "Repository": "CRAN",
      "Hash": "5f431eb5071179862b733e2cbcb2ea67"
    },
    "rayshader": {
      "Package": "rayshader",
      "Version": "0.9.1",
      "Source": "GitHub",
      "RemoteType": "github",
      "RemoteHost": "api.github.com",
      "RemoteRepo": "rayshader",
      "RemoteUsername": "tylermorganwall",
      "RemoteRef": "master",
      "RemoteSha": "652a3bbb862465f1aee4bfbb9acd26cb0cf5fb1c",
      "Hash": "3512c3e1e95172a163bed9ad0d27d52b"
    },
    "readbitmap": {
      "Package": "readbitmap",
      "Version": "0.1.5",
      "Source": "Repository",
      "Repository": "CRAN",
      "Hash": "209bbd6bc20c837daf86e12a92b393c3"
    },
    "reshape2": {
      "Package": "reshape2",
      "Version": "1.4.3",
      "Source": "Repository",
      "Repository": "CRAN",
      "Hash": "a0b8854199dbfa29a71f514b3ffcddf0"
    },
    "rgdal": {
      "Package": "rgdal",
      "Version": "1.3-6",
      "Source": "Repository",
      "Repository": "CRAN",
      "Hash": "c8ae4c6c434743b0312493cf08e984b2"
    },
    "rgl": {
      "Package": "rgl",
      "Version": "0.99.16",
      "Source": "Repository",
      "Repository": "CRAN",
      "Hash": "d28b0e9d3be4bac5bbd36799c9d06f12"
    },
    "rlang": {
      "Package": "rlang",
      "Version": "0.3.4",
      "Source": "Repository",
      "Repository": "CRAN",
      "Hash": "1367935e1052d25fd616368dea6d8bf5"
    },
    "rmarkdown": {
      "Package": "rmarkdown",
      "Version": "1.12",
      "Source": "Repository",
      "Repository": "CRAN",
      "Hash": "6adbc9e47370f441b5ab2a4a4bd066df"
    },
    "rprojroot": {
      "Package": "rprojroot",
      "Version": "1.3-2",
      "Source": "Repository",
      "Repository": "CRAN",
      "Hash": "75611db569353a873f987f858b6f06dd"
    },
    "rstudioapi": {
      "Package": "rstudioapi",
      "Version": "0.10",
      "Source": "Repository",
      "Repository": "CRAN",
      "Hash": "6c03ab57831cbdae14d599151e832e18"
    },
    "scales": {
      "Package": "scales",
      "Version": "1.0.0",
      "Source": "Repository",
      "Repository": "CRAN",
      "Hash": "17cfbe1a4fcc8d0440a2af68d9e07bf4"
    },
    "shiny": {
      "Package": "shiny",
      "Version": "1.2.0",
      "Source": "Repository",
      "Repository": "CRAN",
      "Hash": "16d32dada859211298ca5f3cd5a76ab4"
    },
    "sourcetools": {
      "Package": "sourcetools",
      "Version": "0.1.7",
      "Source": "Repository",
      "Repository": "CRAN",
      "Hash": "729278659af88ed36db42f46ccca0ebd"
    },
    "sp": {
      "Package": "sp",
      "Version": "1.3-1",
      "Source": "Repository",
      "Repository": "CRAN",
      "Hash": "1a01377f70fbc6c380a712c61af85b0b"
    },
    "stringi": {
      "Package": "stringi",
      "Version": "1.4.3",
      "Source": "Repository",
      "Repository": "CRAN",
      "Hash": "0472e71f2347e13cd398d5225ff3b0ea"
    },
    "stringr": {
      "Package": "stringr",
      "Version": "1.4.0",
      "Source": "Repository",
      "Repository": "CRAN",
      "Hash": "01fb6c8262ac804d9bafa60cea8773da"
    },
    "sys": {
      "Package": "sys",
      "Version": "3.2",
      "Source": "Repository",
      "Repository": "CRAN",
      "Hash": "22bf912f5ebfddff8992fdd4d01e9bb4"
    },
    "tibble": {
      "Package": "tibble",
      "Version": "2.1.3",
      "Source": "Repository",
      "Repository": "CRAN",
      "Hash": "b28f74376db8b145e247e29e20bb7deb"
    },
    "tiff": {
      "Package": "tiff",
      "Version": "0.1-5",
      "Source": "Repository",
      "Repository": "CRAN",
      "Hash": "c4038b6d34b80986dad3a6e2ebaa6fd3"
    },
    "tinytex": {
      "Package": "tinytex",
      "Version": "0.11",
      "Source": "Repository",
      "Repository": "CRAN",
      "Hash": "d7ca18ea2e5d664fa6105881285c6b6e"
    },
    "utf8": {
      "Package": "utf8",
      "Version": "1.1.4",
      "Source": "Repository",
      "Repository": "CRAN",
      "Hash": "557d1cc1d7b4ff362db5990acc00f2a0"
    },
    "vctrs": {
      "Package": "vctrs",
      "Version": "0.1.0",
      "Source": "Repository",
      "Repository": "CRAN",
      "Hash": "a57267520709009929b09af57d668a2a"
    },
    "viridis": {
      "Package": "viridis",
      "Version": "0.5.1",
      "Source": "Repository",
      "Repository": "CRAN",
      "Hash": "8b3bc31925862b55e20954eb3ba0f0c6"
    },
    "viridisLite": {
      "Package": "viridisLite",
      "Version": "0.3.0",
      "Source": "Repository",
      "Repository": "CRAN",
      "Hash": "e62dbc33079a4e2ff7429032f0e46efd"
    },
    "webshot": {
      "Package": "webshot",
      "Version": "0.5.1",
      "Source": "Repository",
      "Repository": "CRAN",
      "Hash": "13a7712cf6657cee13fda141e021c148"
    },
    "whisker": {
      "Package": "whisker",
      "Version": "0.3-2",
      "Source": "Repository",
      "Repository": "CRAN",
      "Hash": "1e74aefd2c67890f504a1fa2d0834d70"
    },
    "withr": {
      "Package": "withr",
      "Version": "2.1.2",
      "Source": "Repository",
      "Repository": "CRAN",
      "Hash": "ce9ffa6d865ecaf6a56cacc811565e07"
    },
    "xfun": {
      "Package": "xfun",
      "Version": "0.6",
      "Source": "Repository",
      "Repository": "CRAN",
      "Hash": "bf185b73ebb313e62fd44ec7af5fc738"
    },
    "xml2": {
      "Package": "xml2",
      "Version": "1.2.0",
      "Source": "Repository",
      "Repository": "CRAN",
      "Hash": "fe28830040ea8a0cd9d41749b8f9f715"
    },
    "xtable": {
      "Package": "xtable",
      "Version": "1.8-3",
      "Source": "Repository",
      "Repository": "CRAN",
      "Hash": "240abc2788155021a3fc1684dfba4af0"
    },
    "yaml": {
      "Package": "yaml",
      "Version": "2.2.0",
      "Source": "Repository",
      "Repository": "CRAN",
      "Hash": "e75dfa28ca59a73adfabf6899ce04472"
    },
    "zeallot": {
      "Package": "zeallot",
      "Version": "0.1.0",
      "Source": "Repository",
      "Repository": "CRAN",
      "Hash": "c33bb7353728bd4547a079b2c351a021"
    }
  }
}
